
Microsoft Visual Studio Solution File, Format Version 12.00
# Visual Studio Version 17
VisualStudioVersion = 17.9.34622.214
MinimumVisualStudioVersion = 10.0.40219.1
Project("{FAE04EC0-301F-11D3-BF4B-00C04F79EFBC}") = "ApiCubosAzureExamen", "ApiCubosAzureExamen\ApiCubosAzureExamen.csproj", "{6292648B-1C99-4D7D-9C99-838F145C1163}"
EndProject
Global
	GlobalSection(SolutionConfigurationPlatforms) = preSolution
		Debug|Any CPU = Debug|Any CPU
		Release|Any CPU = Release|Any CPU
	EndGlobalSection
	GlobalSection(ProjectConfigurationPlatforms) = postSolution
		{6292648B-1C99-4D7D-9C99-838F145C1163}.Debug|Any CPU.ActiveCfg = Debug|Any CPU
		{6292648B-1C99-4D7D-9C99-838F145C1163}.Debug|Any CPU.Build.0 = Debug|Any CPU
		{6292648B-1C99-4D7D-9C99-838F145C1163}.Release|Any CPU.ActiveCfg = Release|Any CPU
		{6292648B-1C99-4D7D-9C99-838F145C1163}.Release|Any CPU.Build.0 = Release|Any CPU
	EndGlobalSection
	GlobalSection(SolutionProperties) = preSolution
		HideSolutionNode = FALSE
	EndGlobalSection
	GlobalSection(ExtensibilityGlobals) = postSolution
		SolutionGuid = {89D31C27-6BD7-43F7-9E9D-75CABD2DA122}
	EndGlobalSection
EndGlobal
